// !$*UTF8*$!
{
	archiveVersion = 1;
	classes = {
	};
	objectVersion = 56;
	objects = {

/* Begin PBXBuildFile section */
		83520FD72AF964950070AC50 /* RecipeAppApp.swift in Sources */ = {isa = PBXBuildFile; fileRef = 83520FD62AF964950070AC50 /* RecipeAppApp.swift */; };
		83520FD92AF964950070AC50 /* ContentView.swift in Sources */ = {isa = PBXBuildFile; fileRef = 83520FD82AF964950070AC50 /* ContentView.swift */; };
		83520FDB2AF964970070AC50 /* Assets.xcassets in Resources */ = {isa = PBXBuildFile; fileRef = 83520FDA2AF964970070AC50 /* Assets.xcassets */; };
		83520FDE2AF964970070AC50 /* Preview Assets.xcassets in Resources */ = {isa = PBXBuildFile; fileRef = 83520FDD2AF964970070AC50 /* Preview Assets.xcassets */; };
		83520FE82AF964970070AC50 /* RecipeAppTests.swift in Sources */ = {isa = PBXBuildFile; fileRef = 83520FE72AF964970070AC50 /* RecipeAppTests.swift */; };
		83520FF22AF964970070AC50 /* RecipeAppUITests.swift in Sources */ = {isa = PBXBuildFile; fileRef = 83520FF12AF964970070AC50 /* RecipeAppUITests.swift */; };
		83520FF42AF964970070AC50 /* RecipeAppUITestsLaunchTests.swift in Sources */ = {isa = PBXBuildFile; fileRef = 83520FF32AF964970070AC50 /* RecipeAppUITestsLaunchTests.swift */; };
		835210022AF964C40070AC50 /* Meal.swift in Sources */ = {isa = PBXBuildFile; fileRef = 835210012AF964C40070AC50 /* Meal.swift */; };
		835210062AF965600070AC50 /* MealsViewModel.swift in Sources */ = {isa = PBXBuildFile; fileRef = 835210052AF965600070AC50 /* MealsViewModel.swift */; };
		835210082AF965990070AC50 /* MealDetailViewModel.swift in Sources */ = {isa = PBXBuildFile; fileRef = 835210072AF965990070AC50 /* MealDetailViewModel.swift */; };
		8352100A2AF965D80070AC50 /* MealDetailView.swift in Sources */ = {isa = PBXBuildFile; fileRef = 835210092AF965D80070AC50 /* MealDetailView.swift */; };
		8352100C2AFC3ADE0070AC50 /* MealCardView.swift in Sources */ = {isa = PBXBuildFile; fileRef = 8352100B2AFC3ADE0070AC50 /* MealCardView.swift */; };
		835210102AFC7AB00070AC50 /* MealDetail.swift in Sources */ = {isa = PBXBuildFile; fileRef = 8352100F2AFC7AB00070AC50 /* MealDetail.swift */; };
/* End PBXBuildFile section */

/* Begin PBXContainerItemProxy section */
		83520FE42AF964970070AC50 /* PBXContainerItemProxy */ = {
			isa = PBXContainerItemProxy;
			containerPortal = 83520FCB2AF964950070AC50 /* Project object */;
			proxyType = 1;
			remoteGlobalIDString = 83520FD22AF964950070AC50;
			remoteInfo = RecipeApp;
		};
		83520FEE2AF964970070AC50 /* PBXContainerItemProxy */ = {
			isa = PBXContainerItemProxy;
			containerPortal = 83520FCB2AF964950070AC50 /* Project object */;
			proxyType = 1;
			remoteGlobalIDString = 83520FD22AF964950070AC50;
			remoteInfo = RecipeApp;
		};
/* End PBXContainerItemProxy section */

/* Begin PBXFileReference section */
		83520FD32AF964950070AC50 /* RecipeApp.app */ = {isa = PBXFileReference; explicitFileType = wrapper.application; includeInIndex = 0; path = RecipeApp.app; sourceTree = BUILT_PRODUCTS_DIR; };
		83520FD62AF964950070AC50 /* RecipeAppApp.swift */ = {isa = PBXFileReference; lastKnownFileType = sourcecode.swift; path = RecipeAppApp.swift; sourceTree = "<group>"; };
		83520FD82AF964950070AC50 /* ContentView.swift */ = {isa = PBXFileReference; lastKnownFileType = sourcecode.swift; path = ContentView.swift; sourceTree = "<group>"; };
		83520FDA2AF964970070AC50 /* Assets.xcassets */ = {isa = PBXFileReference; lastKnownFileType = folder.assetcatalog; path = Assets.xcassets; sourceTree = "<group>"; };
		83520FDD2AF964970070AC50 /* Preview Assets.xcassets */ = {isa = PBXFileReference; lastKnownFileType = folder.assetcatalog; path = "Preview Assets.xcassets"; sourceTree = "<group>"; };
		83520FE32AF964970070AC50 /* RecipeAppTests.xctest */ = {isa = PBXFileReference; explicitFileType = wrapper.cfbundle; includeInIndex = 0; path = RecipeAppTests.xctest; sourceTree = BUILT_PRODUCTS_DIR; };
		83520FE72AF964970070AC50 /* RecipeAppTests.swift */ = {isa = PBXFileReference; lastKnownFileType = sourcecode.swift; path = RecipeAppTests.swift; sourceTree = "<group>"; };
		83520FED2AF964970070AC50 /* RecipeAppUITests.xctest */ = {isa = PBXFileReference; explicitFileType = wrapper.cfbundle; includeInIndex = 0; path = RecipeAppUITests.xctest; sourceTree = BUILT_PRODUCTS_DIR; };
		83520FF12AF964970070AC50 /* RecipeAppUITests.swift */ = {isa = PBXFileReference; lastKnownFileType = sourcecode.swift; path = RecipeAppUITests.swift; sourceTree = "<group>"; };
		83520FF32AF964970070AC50 /* RecipeAppUITestsLaunchTests.swift */ = {isa = PBXFileReference; lastKnownFileType = sourcecode.swift; path = RecipeAppUITestsLaunchTests.swift; sourceTree = "<group>"; };
		835210012AF964C40070AC50 /* Meal.swift */ = {isa = PBXFileReference; lastKnownFileType = sourcecode.swift; path = Meal.swift; sourceTree = "<group>"; };
		835210052AF965600070AC50 /* MealsViewModel.swift */ = {isa = PBXFileReference; lastKnownFileType = sourcecode.swift; path = MealsViewModel.swift; sourceTree = "<group>"; };
		835210072AF965990070AC50 /* MealDetailViewModel.swift */ = {isa = PBXFileReference; lastKnownFileType = sourcecode.swift; path = MealDetailViewModel.swift; sourceTree = "<group>"; };
		835210092AF965D80070AC50 /* MealDetailView.swift */ = {isa = PBXFileReference; lastKnownFileType = sourcecode.swift; path = MealDetailView.swift; sourceTree = "<group>"; };
		8352100B2AFC3ADE0070AC50 /* MealCardView.swift */ = {isa = PBXFileReference; lastKnownFileType = sourcecode.swift; path = MealCardView.swift; sourceTree = "<group>"; };
		8352100F2AFC7AB00070AC50 /* MealDetail.swift */ = {isa = PBXFileReference; lastKnownFileType = sourcecode.swift; path = MealDetail.swift; sourceTree = "<group>"; };
/* End PBXFileReference section */

/* Begin PBXFrameworksBuildPhase section */
		83520FD02AF964950070AC50 /* Frameworks */ = {
			isa = PBXFrameworksBuildPhase;
			buildActionMask = 2147483647;
			files = (
			);
			runOnlyForDeploymentPostprocessing = 0;
		};
		83520FE02AF964970070AC50 /* Frameworks */ = {
			isa = PBXFrameworksBuildPhase;
			buildActionMask = 2147483647;
			files = (
			);
			runOnlyForDeploymentPostprocessing = 0;
		};
		83520FEA2AF964970070AC50 /* Frameworks */ = {
			isa = PBXFrameworksBuildPhase;
			buildActionMask = 2147483647;
			files = (
			);
			runOnlyForDeploymentPostprocessing = 0;
		};
/* End PBXFrameworksBuildPhase section */

/* Begin PBXGroup section */
		83520FCA2AF964950070AC50 = {
			isa = PBXGroup;
			children = (
				83520FD52AF964950070AC50 /* RecipeApp */,
				83520FE62AF964970070AC50 /* RecipeAppTests */,
				83520FF02AF964970070AC50 /* RecipeAppUITests */,
				83520FD42AF964950070AC50 /* Products */,
			);
			sourceTree = "<group>";
		};
		83520FD42AF964950070AC50 /* Products */ = {
			isa = PBXGroup;
			children = (
				83520FD32AF964950070AC50 /* RecipeApp.app */,
				83520FE32AF964970070AC50 /* RecipeAppTests.xctest */,
				83520FED2AF964970070AC50 /* RecipeAppUITests.xctest */,
			);
			name = Products;
			sourceTree = "<group>";
		};
		83520FD52AF964950070AC50 /* RecipeApp */ = {
			isa = PBXGroup;
			children = (
				835210042AF965470070AC50 /* ViewModel */,
				835210032AF965050070AC50 /* View */,
				835210002AF964B50070AC50 /* Model */,
				83520FD62AF964950070AC50 /* RecipeAppApp.swift */,
				83520FDA2AF964970070AC50 /* Assets.xcassets */,
				83520FDC2AF964970070AC50 /* Preview Content */,
			);
			path = RecipeApp;
			sourceTree = "<group>";
		};
		83520FDC2AF964970070AC50 /* Preview Content */ = {
			isa = PBXGroup;
			children = (
				83520FDD2AF964970070AC50 /* Preview Assets.xcassets */,
			);
			path = "Preview Content";
			sourceTree = "<group>";
		};
		83520FE62AF964970070AC50 /* RecipeAppTests */ = {
			isa = PBXGroup;
			children = (
				83520FE72AF964970070AC50 /* RecipeAppTests.swift */,
			);
			path = RecipeAppTests;
			sourceTree = "<group>";
		};
		83520FF02AF964970070AC50 /* RecipeAppUITests */ = {
			isa = PBXGroup;
			children = (
				83520FF12AF964970070AC50 /* RecipeAppUITests.swift */,
				83520FF32AF964970070AC50 /* RecipeAppUITestsLaunchTests.swift */,
			);
			path = RecipeAppUITests;
			sourceTree = "<group>";
		};
		835210002AF964B50070AC50 /* Model */ = {
			isa = PBXGroup;
			children = (
				835210012AF964C40070AC50 /* Meal.swift */,
				8352100F2AFC7AB00070AC50 /* MealDetail.swift */,
			);
			path = Model;
			sourceTree = "<group>";
		};
		835210032AF965050070AC50 /* View */ = {
			isa = PBXGroup;
			children = (
				83520FD82AF964950070AC50 /* ContentView.swift */,
				835210092AF965D80070AC50 /* MealDetailView.swift */,
				8352100B2AFC3ADE0070AC50 /* MealCardView.swift */,
			);
			path = View;
			sourceTree = "<group>";
		};
		835210042AF965470070AC50 /* ViewModel */ = {
			isa = PBXGroup;
			children = (
				835210052AF965600070AC50 /* MealsViewModel.swift */,
				835210072AF965990070AC50 /* MealDetailViewModel.swift */,
			);
			path = ViewModel;
			sourceTree = "<group>";
		};
/* End PBXGroup section */

/* Begin PBXNativeTarget section */
		83520FD22AF964950070AC50 /* RecipeApp */ = {
			isa = PBXNativeTarget;
			buildConfigurationList = 83520FF72AF964970070AC50 /* Build configuration list for PBXNativeTarget "RecipeApp" */;
			buildPhases = (
				83520FCF2AF964950070AC50 /* Sources */,
				83520FD02AF964950070AC50 /* Frameworks */,
				83520FD12AF964950070AC50 /* Resources */,
			);
			buildRules = (
			);
			dependencies = (
			);
			name = RecipeApp;
			productName = RecipeApp;
			productReference = 83520FD32AF964950070AC50 /* RecipeApp.app */;
			productType = "com.apple.product-type.application";
		};
		83520FE22AF964970070AC50 /* RecipeAppTests */ = {
			isa = PBXNativeTarget;
			buildConfigurationList = 83520FFA2AF964970070AC50 /* Build configuration list for PBXNativeTarget "RecipeAppTests" */;
			buildPhases = (
				83520FDF2AF964970070AC50 /* Sources */,
				83520FE02AF964970070AC50 /* Frameworks */,
				83520FE12AF964970070AC50 /* Resources */,
			);
			buildRules = (
			);
			dependencies = (
				83520FE52AF964970070AC50 /* PBXTargetDependency */,
			);
			name = RecipeAppTests;
			productName = RecipeAppTests;
			productReference = 83520FE32AF964970070AC50 /* RecipeAppTests.xctest */;
			productType = "com.apple.product-type.bundle.unit-test";
		};
		83520FEC2AF964970070AC50 /* RecipeAppUITests */ = {
			isa = PBXNativeTarget;
			buildConfigurationList = 83520FFD2AF964970070AC50 /* Build configuration list for PBXNativeTarget "RecipeAppUITests" */;
			buildPhases = (
				83520FE92AF964970070AC50 /* Sources */,
				83520FEA2AF964970070AC50 /* Frameworks */,
				83520FEB2AF964970070AC50 /* Resources */,
			);
			buildRules = (
			);
			dependencies = (
				83520FEF2AF964970070AC50 /* PBXTargetDependency */,
			);
			name = RecipeAppUITests;
			productName = RecipeAppUITests;
			productReference = 83520FED2AF964970070AC50 /* RecipeAppUITests.xctest */;
			productType = "com.apple.product-type.bundle.ui-testing";
		};
/* End PBXNativeTarget section */

/* Begin PBXProject section */
		83520FCB2AF964950070AC50 /* Project object */ = {
			isa = PBXProject;
			attributes = {
				BuildIndependentTargetsInParallel = 1;
				LastSwiftUpdateCheck = 1500;
				LastUpgradeCheck = 1500;
				TargetAttributes = {
					83520FD22AF964950070AC50 = {
						CreatedOnToolsVersion = 15.0.1;
					};
					83520FE22AF964970070AC50 = {
						CreatedOnToolsVersion = 15.0.1;
						TestTargetID = 83520FD22AF964950070AC50;
					};
					83520FEC2AF964970070AC50 = {
						CreatedOnToolsVersion = 15.0.1;
						TestTargetID = 83520FD22AF964950070AC50;
					};
				};
			};
			buildConfigurationList = 83520FCE2AF964950070AC50 /* Build configuration list for PBXProject "RecipeApp" */;
			compatibilityVersion = "Xcode 14.0";
			developmentRegion = en;
			hasScannedForEncodings = 0;
			knownRegions = (
				en,
				Base,
			);
			mainGroup = 83520FCA2AF964950070AC50;
			productRefGroup = 83520FD42AF964950070AC50 /* Products */;
			projectDirPath = "";
			projectRoot = "";
			targets = (
				83520FD22AF964950070AC50 /* RecipeApp */,
				83520FE22AF964970070AC50 /* RecipeAppTests */,
				83520FEC2AF964970070AC50 /* RecipeAppUITests */,
			);
		};
/* End PBXProject section */

/* Begin PBXResourcesBuildPhase section */
		83520FD12AF964950070AC50 /* Resources */ = {
			isa = PBXResourcesBuildPhase;
			buildActionMask = 2147483647;
			files = (
				83520FDE2AF964970070AC50 /* Preview Assets.xcassets in Resources */,
				83520FDB2AF964970070AC50 /* Assets.xcassets in Resources */,
			);
			runOnlyForDeploymentPostprocessing = 0;
		};
		83520FE12AF964970070AC50 /* Resources */ = {
			isa = PBXResourcesBuildPhase;
			buildActionMask = 2147483647;
			files = (
			);
			runOnlyForDeploymentPostprocessing = 0;
		};
		83520FEB2AF964970070AC50 /* Resources */ = {
			isa = PBXResourcesBuildPhase;
			buildActionMask = 2147483647;
			files = (
			);
			runOnlyForDeploymentPostprocessing = 0;
		};
/* End PBXResourcesBuildPhase section */

/* Begin PBXSourcesBuildPhase section */
		83520FCF2AF964950070AC50 /* Sources */ = {
			isa = PBXSourcesBuildPhase;
			buildActionMask = 2147483647;
			files = (
				8352100A2AF965D80070AC50 /* MealDetailView.swift in Sources */,
				83520FD92AF964950070AC50 /* ContentView.swift in Sources */,
				835210062AF965600070AC50 /* MealsViewModel.swift in Sources */,
				835210022AF964C40070AC50 /* Meal.swift in Sources */,
				8352100C2AFC3ADE0070AC50 /* MealCardView.swift in Sources */,
				835210102AFC7AB00070AC50 /* MealDetail.swift in Sources */,
				835210082AF965990070AC50 /* MealDetailViewModel.swift in Sources */,
				83520FD72AF964950070AC50 /* RecipeAppApp.swift in Sources */,
			);
			runOnlyForDeploymentPostprocessing = 0;
		};
		83520FDF2AF964970070AC50 /* Sources */ = {
			isa = PBXSourcesBuildPhase;
			buildActionMask = 2147483647;
			files = (
				83520FE82AF964970070AC50 /* RecipeAppTests.swift in Sources */,
			);
			runOnlyForDeploymentPostprocessing = 0;
		};
		83520FE92AF964970070AC50 /* Sources */ = {
			isa = PBXSourcesBuildPhase;
			buildActionMask = 2147483647;
			files = (
				83520FF42AF964970070AC50 /* RecipeAppUITestsLaunchTests.swift in Sources */,
				83520FF22AF964970070AC50 /* RecipeAppUITests.swift in Sources */,
			);
			runOnlyForDeploymentPostprocessing = 0;
		};
/* End PBXSourcesBuildPhase section */

/* Begin PBXTargetDependency section */
		83520FE52AF964970070AC50 /* PBXTargetDependency */ = {
			isa = PBXTargetDependency;
			target = 83520FD22AF964950070AC50 /* RecipeApp */;
			targetProxy = 83520FE42AF964970070AC50 /* PBXContainerItemProxy */;
		};
		83520FEF2AF964970070AC50 /* PBXTargetDependency */ = {
			isa = PBXTargetDependency;
			target = 83520FD22AF964950070AC50 /* RecipeApp */;
			targetProxy = 83520FEE2AF964970070AC50 /* PBXContainerItemProxy */;
		};
/* End PBXTargetDependency section */

/* Begin XCBuildConfiguration section */
		83520FF52AF964970070AC50 /* Debug */ = {
			isa = XCBuildConfiguration;
			buildSettings = {
				ALWAYS_SEARCH_USER_PATHS = NO;
				ASSETCATALOG_COMPILER_GENERATE_SWIFT_ASSET_SYMBOL_EXTENSIONS = YES;
				CLANG_ANALYZER_NONNULL = YES;
				CLANG_ANALYZER_NUMBER_OBJECT_CONVERSION = YES_AGGRESSIVE;
				CLANG_CXX_LANGUAGE_STANDARD = "gnu++20";
				CLANG_ENABLE_MODULES = YES;
				CLANG_ENABLE_OBJC_ARC = YES;
				CLANG_ENABLE_OBJC_WEAK = YES;
				CLANG_WARN_BLOCK_CAPTURE_AUTORELEASING = YES;
				CLANG_WARN_BOOL_CONVERSION = YES;
				CLANG_WARN_COMMA = YES;
				CLANG_WARN_CONSTANT_CONVERSION = YES;
				CLANG_WARN_DEPRECATED_OBJC_IMPLEMENTATIONS = YES;
				CLANG_WARN_DIRECT_OBJC_ISA_USAGE = YES_ERROR;
				CLANG_WARN_DOCUMENTATION_COMMENTS = YES;
				CLANG_WARN_EMPTY_BODY = YES;
				CLANG_WARN_ENUM_CONVERSION = YES;
				CLANG_WARN_INFINITE_RECURSION = YES;
				CLANG_WARN_INT_CONVERSION = YES;
				CLANG_WARN_NON_LITERAL_NULL_CONVERSION = YES;
				CLANG_WARN_OBJC_IMPLICIT_RETAIN_SELF = YES;
				CLANG_WARN_OBJC_LITERAL_CONVERSION = YES;
				CLANG_WARN_OBJC_ROOT_CLASS = YES_ERROR;
				CLANG_WARN_QUOTED_INCLUDE_IN_FRAMEWORK_HEADER = YES;
				CLANG_WARN_RANGE_LOOP_ANALYSIS = YES;
				CLANG_WARN_STRICT_PROTOTYPES = YES;
				CLANG_WARN_SUSPICIOUS_MOVE = YES;
				CLANG_WARN_UNGUARDED_AVAILABILITY = YES_AGGRESSIVE;
				CLANG_WARN_UNREACHABLE_CODE = YES;
				CLANG_WARN__DUPLICATE_METHOD_MATCH = YES;
				COPY_PHASE_STRIP = NO;
				DEBUG_INFORMATION_FORMAT = dwarf;
				ENABLE_STRICT_OBJC_MSGSEND = YES;
				ENABLE_TESTABILITY = YES;
				ENABLE_USER_SCRIPT_SANDBOXING = YES;
				GCC_C_LANGUAGE_STANDARD = gnu17;
				GCC_DYNAMIC_NO_PIC = NO;
				GCC_NO_COMMON_BLOCKS = YES;
				GCC_OPTIMIZATION_LEVEL = 0;
				GCC_PREPROCESSOR_DEFINITIONS = (
					"DEBUG=1",
					"$(inherited)",
				);
				GCC_WARN_64_TO_32_BIT_CONVERSION = YES;
				GCC_WARN_ABOUT_RETURN_TYPE = YES_ERROR;
				GCC_WARN_UNDECLARED_SELECTOR = YES;
				GCC_WARN_UNINITIALIZED_AUTOS = YES_AGGRESSIVE;
				GCC_WARN_UNUSED_FUNCTION = YES;
				GCC_WARN_UNUSED_VARIABLE = YES;
				IPHONEOS_DEPLOYMENT_TARGET = 17.0;
				LOCALIZATION_PREFERS_STRING_CATALOGS = YES;
				MTL_ENABLE_DEBUG_INFO = INCLUDE_SOURCE;
				MTL_FAST_MATH = YES;
				ONLY_ACTIVE_ARCH = YES;
				SDKROOT = iphoneos;
				SWIFT_ACTIVE_COMPILATION_CONDITIONS = "DEBUG $(inherited)";
				SWIFT_OPTIMIZATION_LEVEL = "-Onone";
			};
			name = Debug;
		};
		83520FF62AF964970070AC50 /* Release */ = {
			isa = XCBuildConfiguration;
			buildSettings = {
				ALWAYS_SEARCH_USER_PATHS = NO;
				ASSETCATALOG_COMPILER_GENERATE_SWIFT_ASSET_SYMBOL_EXTENSIONS = YES;
				CLANG_ANALYZER_NONNULL = YES;
				CLANG_ANALYZER_NUMBER_OBJECT_CONVERSION = YES_AGGRESSIVE;
				CLANG_CXX_LANGUAGE_STANDARD = "gnu++20";
				CLANG_ENABLE_MODULES = YES;
				CLANG_ENABLE_OBJC_ARC = YES;
				CLANG_ENABLE_OBJC_WEAK = YES;
				CLANG_WARN_BLOCK_CAPTURE_AUTORELEASING = YES;
				CLANG_WARN_BOOL_CONVERSION = YES;
				CLANG_WARN_COMMA = YES;
				CLANG_WARN_CONSTANT_CONVERSION = YES;
				CLANG_WARN_DEPRECATED_OBJC_IMPLEMENTATIONS = YES;
				CLANG_WARN_DIRECT_OBJC_ISA_USAGE = YES_ERROR;
				CLANG_WARN_DOCUMENTATION_COMMENTS = YES;
				CLANG_WARN_EMPTY_BODY = YES;
				CLANG_WARN_ENUM_CONVERSION = YES;
				CLANG_WARN_INFINITE_RECURSION = YES;
				CLANG_WARN_INT_CONVERSION = YES;
				CLANG_WARN_NON_LITERAL_NULL_CONVERSION = YES;
				CLANG_WARN_OBJC_IMPLICIT_RETAIN_SELF = YES;
				CLANG_WARN_OBJC_LITERAL_CONVERSION = YES;
				CLANG_WARN_OBJC_ROOT_CLASS = YES_ERROR;
				CLANG_WARN_QUOTED_INCLUDE_IN_FRAMEWORK_HEADER = YES;
				CLANG_WARN_RANGE_LOOP_ANALYSIS = YES;
				CLANG_WARN_STRICT_PROTOTYPES = YES;
				CLANG_WARN_SUSPICIOUS_MOVE = YES;
				CLANG_WARN_UNGUARDED_AVAILABILITY = YES_AGGRESSIVE;
				CLANG_WARN_UNREACHABLE_CODE = YES;
				CLANG_WARN__DUPLICATE_METHOD_MATCH = YES;
				COPY_PHASE_STRIP = NO;
				DEBUG_INFORMATION_FORMAT = "dwarf-with-dsym";
				ENABLE_NS_ASSERTIONS = NO;
				ENABLE_STRICT_OBJC_MSGSEND = YES;
				ENABLE_USER_SCRIPT_SANDBOXING = YES;
				GCC_C_LANGUAGE_STANDARD = gnu17;
				GCC_NO_COMMON_BLOCKS = YES;
				GCC_WARN_64_TO_32_BIT_CONVERSION = YES;
				GCC_WARN_ABOUT_RETURN_TYPE = YES_ERROR;
				GCC_WARN_UNDECLARED_SELECTOR = YES;
				GCC_WARN_UNINITIALIZED_AUTOS = YES_AGGRESSIVE;
				GCC_WARN_UNUSED_FUNCTION = YES;
				GCC_WARN_UNUSED_VARIABLE = YES;
				IPHONEOS_DEPLOYMENT_TARGET = 17.0;
				LOCALIZATION_PREFERS_STRING_CATALOGS = YES;
				MTL_ENABLE_DEBUG_INFO = NO;
				MTL_FAST_MATH = YES;
				SDKROOT = iphoneos;
				SWIFT_COMPILATION_MODE = wholemodule;
				VALIDATE_PRODUCT = YES;
			};
			name = Release;
		};
		83520FF82AF964970070AC50 /* Debug */ = {
			isa = XCBuildConfiguration;
			buildSettings = {
				ASSETCATALOG_COMPILER_APPICON_NAME = AppIcon;
				ASSETCATALOG_COMPILER_GLOBAL_ACCENT_COLOR_NAME = AccentColor;
				CODE_SIGN_STYLE = Automatic;
				CURRENT_PROJECT_VERSION = 1;
				DEVELOPMENT_ASSET_PATHS = "\"RecipeApp/Preview Content\"";
				DEVELOPMENT_TEAM = 8G3G5NKXJS;
				ENABLE_PREVIEWS = YES;
				GENERATE_INFOPLIST_FILE = YES;
				INFOPLIST_KEY_UIApplicationSceneManifest_Generation = YES;
				INFOPLIST_KEY_UIApplicationSupportsIndirectInputEvents = YES;
				INFOPLIST_KEY_UILaunchScreen_Generation = YES;
				INFOPLIST_KEY_UISupportedInterfaceOrientations_iPad = "UIInterfaceOrientationPortrait UIInterfaceOrientationPortraitUpsideDown UIInterfaceOrientationLandscapeLeft UIInterfaceOrientationLandscapeRight";
				INFOPLIST_KEY_UISupportedInterfaceOrientations_iPhone = "UIInterfaceOrientationPortrait UIInterfaceOrientationLandscapeLeft UIInterfaceOrientationLandscapeRight";
				LD_RUNPATH_SEARCH_PATHS = (
					"$(inherited)",
					"@executable_path/Frameworks",
				);
				MARKETING_VERSION = 1.0;
				PRODUCT_BUNDLE_IDENTIFIER = FetchExercise.RecipeApp;
				PRODUCT_NAME = "$(TARGET_NAME)";
				SWIFT_EMIT_LOC_STRINGS = YES;
				SWIFT_VERSION = 5.0;
				TARGETED_DEVICE_FAMILY = "1,2";
			};
			name = Debug;
		};
		83520FF92AF964970070AC50 /* Release */ = {
			isa = XCBuildConfiguration;
			buildSettings = {
				ASSETCATALOG_COMPILER_APPICON_NAME = AppIcon;
				ASSETCATALOG_COMPILER_GLOBAL_ACCENT_COLOR_NAME = AccentColor;
				CODE_SIGN_STYLE = Automatic;
				CURRENT_PROJECT_VERSION = 1;
				DEVELOPMENT_ASSET_PATHS = "\"RecipeApp/Preview Content\"";
				DEVELOPMENT_TEAM = 8G3G5NKXJS;
				ENABLE_PREVIEWS = YES;
				GENERATE_INFOPLIST_FILE = YES;
				INFOPLIST_KEY_UIApplicationSceneManifest_Generation = YES;
				INFOPLIST_KEY_UIApplicationSupportsIndirectInputEvents = YES;
				INFOPLIST_KEY_UILaunchScreen_Generation = YES;
				INFOPLIST_KEY_UISupportedInterfaceOrientations_iPad = "UIInterfaceOrientationPortrait UIInterfaceOrientationPortraitUpsideDown UIInterfaceOrientationLandscapeLeft UIInterfaceOrientationLandscapeRight";
				INFOPLIST_KEY_UISupportedInterfaceOrientations_iPhone = "UIInterfaceOrientationPortrait UIInterfaceOrientationLandscapeLeft UIInterfaceOrientationLandscapeRight";
				LD_RUNPATH_SEARCH_PATHS = (
					"$(inherited)",
					"@executable_path/Frameworks",
				);
				MARKETING_VERSION = 1.0;
				PRODUCT_BUNDLE_IDENTIFIER = FetchExercise.RecipeApp;
				PRODUCT_NAME = "$(TARGET_NAME)";
				SWIFT_EMIT_LOC_STRINGS = YES;
				SWIFT_VERSION = 5.0;
				TARGETED_DEVICE_FAMILY = "1,2";
			};
			name = Release;
		};
		83520FFB2AF964970070AC50 /* Debug */ = {
			isa = XCBuildConfiguration;
			buildSettings = {
				ALWAYS_EMBED_SWIFT_STANDARD_LIBRARIES = YES;
				BUNDLE_LOADER = "$(TEST_HOST)";
				CODE_SIGN_STYLE = Automatic;
				CURRENT_PROJECT_VERSION = 1;
				DEVELOPMENT_TEAM = 8G3G5NKXJS;
				GENERATE_INFOPLIST_FILE = YES;
				IPHONEOS_DEPLOYMENT_TARGET = 17.0;
				MARKETING_VERSION = 1.0;
				PRODUCT_BUNDLE_IDENTIFIER = FetchExercise.RecipeAppTests;
				PRODUCT_NAME = "$(TARGET_NAME)";
				SWIFT_EMIT_LOC_STRINGS = NO;
				SWIFT_VERSION = 5.0;
				TARGETED_DEVICE_FAMILY = "1,2";
				TEST_HOST = "$(BUILT_PRODUCTS_DIR)/RecipeApp.app/$(BUNDLE_EXECUTABLE_FOLDER_PATH)/RecipeApp";
			};
			name = Debug;
		};
		83520FFC2AF964970070AC50 /* Release */ = {
			isa = XCBuildConfiguration;
			buildSettings = {
				ALWAYS_EMBED_SWIFT_STANDARD_LIBRARIES = YES;
				BUNDLE_LOADER = "$(TEST_HOST)";
				CODE_SIGN_STYLE = Automatic;
				CURRENT_PROJECT_VERSION = 1;
				DEVELOPMENT_TEAM = 8G3G5NKXJS;
				GENERATE_INFOPLIST_FILE = YES;
				IPHONEOS_DEPLOYMENT_TARGET = 17.0;
				MARKETING_VERSION = 1.0;
				PRODUCT_BUNDLE_IDENTIFIER = FetchExercise.RecipeAppTests;
				PRODUCT_NAME = "$(TARGET_NAME)";
				SWIFT_EMIT_LOC_STRINGS = NO;
				SWIFT_VERSION = 5.0;
				TARGETED_DEVICE_FAMILY = "1,2";
				TEST_HOST = "$(BUILT_PRODUCTS_DIR)/RecipeApp.app/$(BUNDLE_EXECUTABLE_FOLDER_PATH)/RecipeApp";
			};
			name = Release;
		};
		83520FFE2AF964970070AC50 /* Debug */ = {
			isa = XCBuildConfiguration;
			buildSettings = {
				ALWAYS_EMBED_SWIFT_STANDARD_LIBRARIES = YES;
				CODE_SIGN_STYLE = Automatic;
				CURRENT_PROJECT_VERSION = 1;
				DEVELOPMENT_TEAM = 8G3G5NKXJS;
				GENERATE_INFOPLIST_FILE = YES;
				MARKETING_VERSION = 1.0;
				PRODUCT_BUNDLE_IDENTIFIER = FetchExercise.RecipeAppUITests;
				PRODUCT_NAME = "$(TARGET_NAME)";
				SWIFT_EMIT_LOC_STRINGS = NO;
				SWIFT_VERSION = 5.0;
				TARGETED_DEVICE_FAMILY = "1,2";
				TEST_TARGET_NAME = RecipeApp;
			};
			name = Debug;
		};
		83520FFF2AF964970070AC50 /* Release */ = {
			isa = XCBuildConfiguration;
			buildSettings = {
				ALWAYS_EMBED_SWIFT_STANDARD_LIBRARIES = YES;
				CODE_SIGN_STYLE = Automatic;
				CURRENT_PROJECT_VERSION = 1;
				DEVELOPMENT_TEAM = 8G3G5NKXJS;
				GENERATE_INFOPLIST_FILE = YES;
				MARKETING_VERSION = 1.0;
				PRODUCT_BUNDLE_IDENTIFIER = FetchExercise.RecipeAppUITests;
				PRODUCT_NAME = "$(TARGET_NAME)";
				SWIFT_EMIT_LOC_STRINGS = NO;
				SWIFT_VERSION = 5.0;
				TARGETED_DEVICE_FAMILY = "1,2";
				TEST_TARGET_NAME = RecipeApp;
			};
			name = Release;
		};
/* End XCBuildConfiguration section */

/* Begin XCConfigurationList section */
		83520FCE2AF964950070AC50 /* Build configuration list for PBXProject "RecipeApp" */ = {
			isa = XCConfigurationList;
			buildConfigurations = (
				83520FF52AF964970070AC50 /* Debug */,
				83520FF62AF964970070AC50 /* Release */,
			);
			defaultConfigurationIsVisible = 0;
			defaultConfigurationName = Release;
		};
		83520FF72AF964970070AC50 /* Build configuration list for PBXNativeTarget "RecipeApp" */ = {
			isa = XCConfigurationList;
			buildConfigurations = (
				83520FF82AF964970070AC50 /* Debug */,
				83520FF92AF964970070AC50 /* Release */,
			);
			defaultConfigurationIsVisible = 0;
			defaultConfigurationName = Release;
		};
		83520FFA2AF964970070AC50 /* Build configuration list for PBXNativeTarget "RecipeAppTests" */ = {
			isa = XCConfigurationList;
			buildConfigurations = (
				83520FFB2AF964970070AC50 /* Debug */,
				83520FFC2AF964970070AC50 /* Release */,
			);
			defaultConfigurationIsVisible = 0;
			defaultConfigurationName = Release;
		};
		83520FFD2AF964970070AC50 /* Build configuration list for PBXNativeTarget "RecipeAppUITests" */ = {
			isa = XCConfigurationList;
			buildConfigurations = (
				83520FFE2AF964970070AC50 /* Debug */,
				83520FFF2AF964970070AC50 /* Release */,
			);
			defaultConfigurationIsVisible = 0;
			defaultConfigurationName = Release;
		};
/* End XCConfigurationList section */
	};
	rootObject = 83520FCB2AF964950070AC50 /* Project object */;
}
